{
  "version": 4,
  "terraform_version": "1.11.1",
  "serial": 4,
  "lineage": "a3aec3c9-a6e1-8790-fef8-bb4cce86f7a6",
  "outputs": {
    "service_url": {
      "value": "https://curabot-mha4s7stfa-el.a.run.app",
      "type": "string"
    }
  },
  "resources": [
    {
      "mode": "managed",
      "type": "google_cloud_run_service",
      "name": "default",
      "provider": "provider[\"registry.terraform.io/hashicorp/google\"]",
      "instances": [
        {
          "schema_version": 1,
          "attributes": {
            "autogenerate_revision_name": true,
            "id": "locations/asia-south1/namespaces/boot41/services/curabot",
            "location": "asia-south1",
            "metadata": [
              {
                "annotations": {
                  "run.googleapis.com/ingress": "all",
                  "run.googleapis.com/ingress-status": "all",
                  "run.googleapis.com/operation-id": "584d7bf6-bced-4716-9f7b-7df39f53a812",
                  "run.googleapis.com/urls": "[\"https://curabot-956506160468.asia-south1.run.app\",\"https://curabot-mha4s7stfa-el.a.run.app\"]",
                  "serving.knative.dev/creator": "abhineeth.srinivasa@think41.com",
                  "serving.knative.dev/lastModifier": "abhineeth.srinivasa@think41.com"
                },
                "generation": 1,
                "labels": {
                  "cloud.googleapis.com/location": "asia-south1",
                  "run.googleapis.com/satisfiesPzs": "true"
                },
                "namespace": "boot41",
                "resource_version": "AAYvq+DMZho",
                "self_link": "/apis/serving.knative.dev/v1/namespaces/956506160468/services/curabot",
                "uid": "6b0bae79-23b2-427b-820e-b51718c79232"
              }
            ],
            "name": "curabot",
            "project": "boot41",
            "status": [
              {
                "conditions": [
                  {
                    "message": "",
                    "reason": "",
                    "status": "True",
                    "type": "Ready"
                  },
                  {
                    "message": "",
                    "reason": "",
                    "status": "True",
                    "type": "ConfigurationsReady"
                  },
                  {
                    "message": "",
                    "reason": "",
                    "status": "True",
                    "type": "RoutesReady"
                  }
                ],
                "latest_created_revision_name": "curabot-00001-s8x",
                "latest_ready_revision_name": "curabot-00001-s8x",
                "observed_generation": 1,
                "traffic": [
                  {
                    "latest_revision": true,
                    "percent": 100,
                    "revision_name": "curabot-00001-s8x",
                    "tag": "",
                    "url": ""
                  }
                ],
                "url": "https://curabot-mha4s7stfa-el.a.run.app"
              }
            ],
            "template": [
              {
                "metadata": [
                  {
                    "annotations": {
                      "autoscaling.knative.dev/maxScale": "1",
                      "autoscaling.knative.dev/minScale": "0"
                    },
                    "generation": 0,
                    "labels": {
                      "run.googleapis.com/startupProbeType": "Default"
                    },
                    "name": "",
                    "namespace": "",
                    "resource_version": "",
                    "self_link": "",
                    "uid": ""
                  }
                ],
                "spec": [
                  {
                    "container_concurrency": 80,
                    "containers": [
                      {
                        "args": null,
                        "command": null,
                        "env": [
                          {
                            "name": "GROQ_API_KEY",
                            "value": "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",
                            "value_from": []
                          },
                          {
                            "name": "NODE_ENV",
                            "value": "production",
                            "value_from": []
                          },
                          {
                            "name": "VITE_SUPABASE_ANON_KEY",
                            "value": "eyJhbGciOiJIUzI1NiIsInR5cCI6IkpXVCJ9.eyJpc3MiOiJzdXBhYmFzZSIsInJlZiI6Imlvb2JsYWVvZHZ3ZWx5Y3Jkb2ZnIiwicm9sZSI6ImFub24iLCJpYXQiOjE3NDEwNzA1OTgsImV4cCI6MjA1NjY0NjU5OH0.bp3DdYD-gwm-m6wdjdEDn64jsnjFG4MmwMkEx6yUC-k",
                            "value_from": []
                          },
                          {
                            "name": "VITE_SUPABASE_URL",
                            "value": "https://iooblaeodvwelycrdofg.supabase.co",
                            "value_from": []
                          }
                        ],
                        "env_from": [],
                        "image": "asia-south1-docker.pkg.dev/boot41/a3/curabot:latest",
                        "liveness_probe": [],
                        "name": "",
                        "ports": [
                          {
                            "container_port": 5000,
                            "name": "http1",
                            "protocol": ""
                          }
                        ],
                        "resources": [
                          {
                            "limits": {
                              "cpu": "1",
                              "memory": "128Mi"
                            },
                            "requests": null
                          }
                        ],
                        "startup_probe": [
                          {
                            "failure_threshold": 1,
                            "grpc": [],
                            "http_get": [],
                            "initial_delay_seconds": 0,
                            "period_seconds": 240,
                            "tcp_socket": [
                              {
                                "port": 5000
                              }
                            ],
                            "timeout_seconds": 240
                          }
                        ],
                        "volume_mounts": [],
                        "working_dir": ""
                      }
                    ],
                    "service_account_name": "956506160468-compute@developer.gserviceaccount.com",
                    "serving_state": "",
                    "timeout_seconds": 300,
                    "volumes": []
                  }
                ]
              }
            ],
            "timeouts": null,
            "traffic": [
              {
                "latest_revision": true,
                "percent": 100,
                "revision_name": "",
                "tag": "",
                "url": ""
              }
            ]
          },
          "sensitive_attributes": [],
          "private": "eyJlMmJmYjczMC1lY2FhLTExZTYtOGY4OC0zNDM2M2JjN2M0YzAiOnsiY3JlYXRlIjoxMjAwMDAwMDAwMDAwLCJkZWxldGUiOjEyMDAwMDAwMDAwMDAsInVwZGF0ZSI6MTIwMDAwMDAwMDAwMH0sInNjaGVtYV92ZXJzaW9uIjoiMSJ9"
        }
      ]
    },
    {
      "mode": "managed",
      "type": "google_cloud_run_service_iam_member",
      "name": "public",
      "provider": "provider[\"registry.terraform.io/hashicorp/google\"]",
      "instances": [
        {
          "schema_version": 0,
          "attributes": {
            "condition": [],
            "etag": "BwYvq+Dytjk=",
            "id": "v1/projects/boot41/locations/asia-south1/services/curabot/roles/run.invoker/allUsers",
            "location": "asia-south1",
            "member": "allUsers",
            "project": "boot41",
            "role": "roles/run.invoker",
            "service": "v1/projects/boot41/locations/asia-south1/services/curabot"
          },
          "sensitive_attributes": [],
          "private": "bnVsbA==",
          "dependencies": [
            "google_cloud_run_service.default"
          ]
        }
      ]
    }
  ],
  "check_results": null
}
